
Microsoft Visual Studio Solution File, Format Version 12.00
# Visual Studio Version 17
VisualStudioVersion = 17.11.35222.181
MinimumVisualStudioVersion = 10.0.40219.1
Project("{FAE04EC0-301F-11D3-BF4B-00C04F79EFBC}") = "2021.10.03._Rejtveny(struktura)", "2021.10.03._Rejtveny(struktura)\2021.10.03._Rejtveny(struktura).csproj", "{9372101A-A848-483D-9252-9A7C1E6C2778}"
EndProject
Global
	GlobalSection(SolutionConfigurationPlatforms) = preSolution
		Debug|Any CPU = Debug|Any CPU
		Release|Any CPU = Release|Any CPU
	EndGlobalSection
	GlobalSection(ProjectConfigurationPlatforms) = postSolution
		{9372101A-A848-483D-9252-9A7C1E6C2778}.Debug|Any CPU.ActiveCfg = Debug|Any CPU
		{9372101A-A848-483D-9252-9A7C1E6C2778}.Debug|Any CPU.Build.0 = Debug|Any CPU
		{9372101A-A848-483D-9252-9A7C1E6C2778}.Release|Any CPU.ActiveCfg = Release|Any CPU
		{9372101A-A848-483D-9252-9A7C1E6C2778}.Release|Any CPU.Build.0 = Release|Any CPU
	EndGlobalSection
	GlobalSection(SolutionProperties) = preSolution
		HideSolutionNode = FALSE
	EndGlobalSection
	GlobalSection(ExtensibilityGlobals) = postSolution
		SolutionGuid = {2ACA2420-7E6E-4607-84B8-8C2FA9AEAE6E}
	EndGlobalSection
EndGlobal
