
Microsoft Visual Studio Solution File, Format Version 12.00
# Visual Studio Version 17
VisualStudioVersion = 17.11.35327.3
MinimumVisualStudioVersion = 10.0.40219.1
Project("{FAE04EC0-301F-11D3-BF4B-00C04F79EFBC}") = "DV_Bank", "DV_Bank\DV_Bank.csproj", "{E58257A6-0945-4F19-9E9E-BA3DE881F2E8}"
EndProject
Global
	GlobalSection(SolutionConfigurationPlatforms) = preSolution
		Debug|Any CPU = Debug|Any CPU
		Release|Any CPU = Release|Any CPU
	EndGlobalSection
	GlobalSection(ProjectConfigurationPlatforms) = postSolution
		{E58257A6-0945-4F19-9E9E-BA3DE881F2E8}.Debug|Any CPU.ActiveCfg = Debug|Any CPU
		{E58257A6-0945-4F19-9E9E-BA3DE881F2E8}.Debug|Any CPU.Build.0 = Debug|Any CPU
		{E58257A6-0945-4F19-9E9E-BA3DE881F2E8}.Release|Any CPU.ActiveCfg = Release|Any CPU
		{E58257A6-0945-4F19-9E9E-BA3DE881F2E8}.Release|Any CPU.Build.0 = Release|Any CPU
	EndGlobalSection
	GlobalSection(SolutionProperties) = preSolution
		HideSolutionNode = FALSE
	EndGlobalSection
	GlobalSection(ExtensibilityGlobals) = postSolution
		SolutionGuid = {A764957C-88CD-46F5-8C50-E2A28EEB8C4F}
	EndGlobalSection
EndGlobal
