
Microsoft Visual Studio Solution File, Format Version 12.00
# Visual Studio Version 17
VisualStudioVersion = 17.11.35222.181
MinimumVisualStudioVersion = 10.0.40219.1
Project("{FAE04EC0-301F-11D3-BF4B-00C04F79EFBC}") = "2025_03_17 ElsoAlkalmazas", "2025_03_17 ElsoAlkalmazas\2025_03_17 ElsoAlkalmazas.csproj", "{537F1AE9-9435-4657-A45C-BC6B0F888A4B}"
EndProject
Global
	GlobalSection(SolutionConfigurationPlatforms) = preSolution
		Debug|Any CPU = Debug|Any CPU
		Release|Any CPU = Release|Any CPU
	EndGlobalSection
	GlobalSection(ProjectConfigurationPlatforms) = postSolution
		{537F1AE9-9435-4657-A45C-BC6B0F888A4B}.Debug|Any CPU.ActiveCfg = Debug|Any CPU
		{537F1AE9-9435-4657-A45C-BC6B0F888A4B}.Debug|Any CPU.Build.0 = Debug|Any CPU
		{537F1AE9-9435-4657-A45C-BC6B0F888A4B}.Release|Any CPU.ActiveCfg = Release|Any CPU
		{537F1AE9-9435-4657-A45C-BC6B0F888A4B}.Release|Any CPU.Build.0 = Release|Any CPU
	EndGlobalSection
	GlobalSection(SolutionProperties) = preSolution
		HideSolutionNode = FALSE
	EndGlobalSection
	GlobalSection(ExtensibilityGlobals) = postSolution
		SolutionGuid = {A9CBE8AC-7542-4772-BD7D-20068F99D828}
	EndGlobalSection
EndGlobal
