
Microsoft Visual Studio Solution File, Format Version 12.00
# Visual Studio Version 17
VisualStudioVersion = 17.11.35222.181
MinimumVisualStudioVersion = 10.0.40219.1
Project("{FAE04EC0-301F-11D3-BF4B-00C04F79EFBC}") = "2024.09.19._StrukturaGyakorlas", "2024.09.19._StrukturaGyakorlas\2024.09.19._StrukturaGyakorlas.csproj", "{0D251904-1E47-444E-BDA6-1F2BD8393023}"
EndProject
Global
	GlobalSection(SolutionConfigurationPlatforms) = preSolution
		Debug|Any CPU = Debug|Any CPU
		Release|Any CPU = Release|Any CPU
	EndGlobalSection
	GlobalSection(ProjectConfigurationPlatforms) = postSolution
		{0D251904-1E47-444E-BDA6-1F2BD8393023}.Debug|Any CPU.ActiveCfg = Debug|Any CPU
		{0D251904-1E47-444E-BDA6-1F2BD8393023}.Debug|Any CPU.Build.0 = Debug|Any CPU
		{0D251904-1E47-444E-BDA6-1F2BD8393023}.Release|Any CPU.ActiveCfg = Release|Any CPU
		{0D251904-1E47-444E-BDA6-1F2BD8393023}.Release|Any CPU.Build.0 = Release|Any CPU
	EndGlobalSection
	GlobalSection(SolutionProperties) = preSolution
		HideSolutionNode = FALSE
	EndGlobalSection
	GlobalSection(ExtensibilityGlobals) = postSolution
		SolutionGuid = {C3B7A92C-12C4-47D1-B912-32956C46245B}
	EndGlobalSection
EndGlobal
