
Microsoft Visual Studio Solution File, Format Version 12.00
# Visual Studio Version 17
VisualStudioVersion = 17.11.35327.3
MinimumVisualStudioVersion = 10.0.40219.1
Project("{FAE04EC0-301F-11D3-BF4B-00C04F79EFBC}") = "2024.12.02._Pekseg", "2024.12.02._Pekseg\2024.12.02._Pekseg.csproj", "{C4ED114B-2E5C-4458-9F75-EE826E2AB167}"
EndProject
Global
	GlobalSection(SolutionConfigurationPlatforms) = preSolution
		Debug|Any CPU = Debug|Any CPU
		Release|Any CPU = Release|Any CPU
	EndGlobalSection
	GlobalSection(ProjectConfigurationPlatforms) = postSolution
		{C4ED114B-2E5C-4458-9F75-EE826E2AB167}.Debug|Any CPU.ActiveCfg = Debug|Any CPU
		{C4ED114B-2E5C-4458-9F75-EE826E2AB167}.Debug|Any CPU.Build.0 = Debug|Any CPU
		{C4ED114B-2E5C-4458-9F75-EE826E2AB167}.Release|Any CPU.ActiveCfg = Release|Any CPU
		{C4ED114B-2E5C-4458-9F75-EE826E2AB167}.Release|Any CPU.Build.0 = Release|Any CPU
	EndGlobalSection
	GlobalSection(SolutionProperties) = preSolution
		HideSolutionNode = FALSE
	EndGlobalSection
	GlobalSection(ExtensibilityGlobals) = postSolution
		SolutionGuid = {A0ECAB8D-8A96-4B20-B467-A654A5716F77}
	EndGlobalSection
EndGlobal
