
Microsoft Visual Studio Solution File, Format Version 12.00
# Visual Studio Version 17
VisualStudioVersion = 17.11.35222.181
MinimumVisualStudioVersion = 10.0.40219.1
Project("{FAE04EC0-301F-11D3-BF4B-00C04F79EFBC}") = "2024.10.10._Dolgozat1", "2024.10.10._Dolgozat1\2024.10.10._Dolgozat1.csproj", "{C62BCB54-7DB6-4C5B-9703-CB051AFE7178}"
EndProject
Global
	GlobalSection(SolutionConfigurationPlatforms) = preSolution
		Debug|Any CPU = Debug|Any CPU
		Release|Any CPU = Release|Any CPU
	EndGlobalSection
	GlobalSection(ProjectConfigurationPlatforms) = postSolution
		{C62BCB54-7DB6-4C5B-9703-CB051AFE7178}.Debug|Any CPU.ActiveCfg = Debug|Any CPU
		{C62BCB54-7DB6-4C5B-9703-CB051AFE7178}.Debug|Any CPU.Build.0 = Debug|Any CPU
		{C62BCB54-7DB6-4C5B-9703-CB051AFE7178}.Release|Any CPU.ActiveCfg = Release|Any CPU
		{C62BCB54-7DB6-4C5B-9703-CB051AFE7178}.Release|Any CPU.Build.0 = Release|Any CPU
	EndGlobalSection
	GlobalSection(SolutionProperties) = preSolution
		HideSolutionNode = FALSE
	EndGlobalSection
	GlobalSection(ExtensibilityGlobals) = postSolution
		SolutionGuid = {09D92CD9-E1E5-4713-B1C2-35D9810E2EE4}
	EndGlobalSection
EndGlobal
