
Microsoft Visual Studio Solution File, Format Version 12.00
# Visual Studio Version 17
VisualStudioVersion = 17.11.35222.181
MinimumVisualStudioVersion = 10.0.40219.1
Project("{FAE04EC0-301F-11D3-BF4B-00C04F79EFBC}") = "2025.01.10_Valasztasok", "2025.01.10_Valasztasok\2025.01.10_Valasztasok.csproj", "{37567130-9214-4937-88FA-116673C1A759}"
EndProject
Global
	GlobalSection(SolutionConfigurationPlatforms) = preSolution
		Debug|Any CPU = Debug|Any CPU
		Release|Any CPU = Release|Any CPU
	EndGlobalSection
	GlobalSection(ProjectConfigurationPlatforms) = postSolution
		{37567130-9214-4937-88FA-116673C1A759}.Debug|Any CPU.ActiveCfg = Debug|Any CPU
		{37567130-9214-4937-88FA-116673C1A759}.Debug|Any CPU.Build.0 = Debug|Any CPU
		{37567130-9214-4937-88FA-116673C1A759}.Release|Any CPU.ActiveCfg = Release|Any CPU
		{37567130-9214-4937-88FA-116673C1A759}.Release|Any CPU.Build.0 = Release|Any CPU
	EndGlobalSection
	GlobalSection(SolutionProperties) = preSolution
		HideSolutionNode = FALSE
	EndGlobalSection
	GlobalSection(ExtensibilityGlobals) = postSolution
		SolutionGuid = {2899984F-BF47-4BE2-B13E-398D5C4047A7}
	EndGlobalSection
EndGlobal
